
Microsoft Visual Studio Solution File, Format Version 12.00
# Visual Studio Version 17
VisualStudioVersion = 17.10.34916.146
MinimumVisualStudioVersion = 10.0.40219.1
Project("{FAE04EC0-301F-11D3-BF4B-00C04F79EFBC}") = "DepartureBoards", "DepartureBoards.csproj", "{A8349F6A-3320-4ACF-9951-236C19AEF31E}"
EndProject
Global
	GlobalSection(SolutionConfigurationPlatforms) = preSolution
		Debug|Any CPU = Debug|Any CPU
		Release|Any CPU = Release|Any CPU
	EndGlobalSection
	GlobalSection(ProjectConfigurationPlatforms) = postSolution
		{A8349F6A-3320-4ACF-9951-236C19AEF31E}.Debug|Any CPU.ActiveCfg = Debug|Any CPU
		{A8349F6A-3320-4ACF-9951-236C19AEF31E}.Debug|Any CPU.Build.0 = Debug|Any CPU
		{A8349F6A-3320-4ACF-9951-236C19AEF31E}.Release|Any CPU.ActiveCfg = Release|Any CPU
		{A8349F6A-3320-4ACF-9951-236C19AEF31E}.Release|Any CPU.Build.0 = Release|Any CPU
	EndGlobalSection
	GlobalSection(SolutionProperties) = preSolution
		HideSolutionNode = FALSE
	EndGlobalSection
	GlobalSection(ExtensibilityGlobals) = postSolution
		SolutionGuid = {48C9AD0C-6A09-4FAF-B683-F08D53FC98F3}
	EndGlobalSection
EndGlobal
